version: 2
id: reddit-deadline-test-wall-clock
fingerprint: ci.reddit.deadline-test-wall-clock
severity: medium
invariant: Reddit deadline behavior is tested with a controlled clock so setup time and runner speed cannot change the asserted terminal deadline.
scope:
  - apps/api/src/**/reddit*
  - apps/api/test/reddit.test.mjs
prevention:
  - kind: regression-test
    path: apps/api/test/reddit.test.mjs
recurrenceCount: 1
status: active
